# THIS IS AN AUTOGENERATED FILE. DO NOT EDIT THIS FILE DIRECTLY.
# yarn lockfile v1


"@vant/area-data@^1.4.1":
  version "1.4.1"
  resolved "https://registry.npmmirror.com/@vant/area-data/-/area-data-1.4.1.tgz#b4f1bce05dbb147dc08fd2ed9b2a0f63d3329b29"
  integrity sha512-D8zI/rfxREhnIKGoYzsEJZ73fte4JARhFeFftLIH7ynu1sPrCBEgPkLEbwPyvw3VC4JdSIuzaK5uOhu+BcoPXw==

vant-weapp@^0.5.29:
  version "0.5.29"
  resolved "https://registry.npmmirror.com/vant-weapp/-/vant-weapp-0.5.29.tgz#8bbc094263cd8a560c9332b2e75e2dba26cc05e0"
  integrity sha512-RMc0Ga914XFwspw2WuOMU8bOHlIkua8X1DoQ/KPnGQzjwT1uEL4S7W186EmaHF1wN2krB9BVd0LdRRt39dGh6Q==
